
Microsoft Visual Studio Solution File, Format Version 12.00
# Visual Studio Version 16
VisualStudioVersion = 16.0.29806.167
MinimumVisualStudioVersion = 10.0.40219.1
Project("{2150E333-8FDC-42A3-9474-1A3956D46DE8}") = "src", "src", "{207169F6-4948-44DC-A711-A61A23B10228}"
EndProject
Project("{FAE04EC0-301F-11D3-BF4B-00C04F79EFBC}") = "SimplePoll.Web", "src\SimplePoll.Web\SimplePoll.Web.csproj", "{E9781AA0-EE2C-491A-8344-C4F5F8368902}"
EndProject
Project("{2150E333-8FDC-42A3-9474-1A3956D46DE8}") = "Solution Items", "Solution Items", "{DE2F6B38-2EDE-4870-9767-E87174FF6CBA}"
	ProjectSection(SolutionItems) = preProject
		.gitignore = .gitignore
		README.md = README.md
	EndProjectSection
EndProject
Project("{FAE04EC0-301F-11D3-BF4B-00C04F79EFBC}") = "SimplePoll.Domain", "src\SimplePoll.Domain\SimplePoll.Domain.csproj", "{28DB6748-E496-4BF4-9310-51534E0B0586}"
EndProject
Project("{FAE04EC0-301F-11D3-BF4B-00C04F79EFBC}") = "SimplePoll.Application", "src\SimplePoll.Application\SimplePoll.Application.csproj", "{E465D573-BD77-4076-97EE-4B48418F404E}"
EndProject
Project("{FAE04EC0-301F-11D3-BF4B-00C04F79EFBC}") = "SimplePoll.Infrastructure.DataAccess", "src\SimplePoll.Infrastructure.DataAccess\SimplePoll.Infrastructure.DataAccess.csproj", "{1333EFAB-F488-4390-B479-BA202C3E49FE}"
EndProject
Project("{FAE04EC0-301F-11D3-BF4B-00C04F79EFBC}") = "SimplePoll.Migrations", "src\SimplePoll.Migrations\SimplePoll.Migrations.csproj", "{1395E4BD-52FD-4F13-99F7-014871062EDB}"
EndProject
Project("{FAE04EC0-301F-11D3-BF4B-00C04F79EFBC}") = "SimplePoll.Infrastructure.Identity", "src\SimplePoll.Infrastructure.Identity\SimplePoll.Infrastructure.Identity.csproj", "{FEF9AE24-3585-41C7-9BEB-844FD9A9F766}"
EndProject
Global
	GlobalSection(SolutionConfigurationPlatforms) = preSolution
		Debug|Any CPU = Debug|Any CPU
		Release|Any CPU = Release|Any CPU
	EndGlobalSection
	GlobalSection(ProjectConfigurationPlatforms) = postSolution
		{E9781AA0-EE2C-491A-8344-C4F5F8368902}.Debug|Any CPU.ActiveCfg = Debug|Any CPU
		{E9781AA0-EE2C-491A-8344-C4F5F8368902}.Debug|Any CPU.Build.0 = Debug|Any CPU
		{E9781AA0-EE2C-491A-8344-C4F5F8368902}.Release|Any CPU.ActiveCfg = Release|Any CPU
		{E9781AA0-EE2C-491A-8344-C4F5F8368902}.Release|Any CPU.Build.0 = Release|Any CPU
		{28DB6748-E496-4BF4-9310-51534E0B0586}.Debug|Any CPU.ActiveCfg = Debug|Any CPU
		{28DB6748-E496-4BF4-9310-51534E0B0586}.Debug|Any CPU.Build.0 = Debug|Any CPU
		{28DB6748-E496-4BF4-9310-51534E0B0586}.Release|Any CPU.ActiveCfg = Release|Any CPU
		{28DB6748-E496-4BF4-9310-51534E0B0586}.Release|Any CPU.Build.0 = Release|Any CPU
		{E465D573-BD77-4076-97EE-4B48418F404E}.Debug|Any CPU.ActiveCfg = Debug|Any CPU
		{E465D573-BD77-4076-97EE-4B48418F404E}.Debug|Any CPU.Build.0 = Debug|Any CPU
		{E465D573-BD77-4076-97EE-4B48418F404E}.Release|Any CPU.ActiveCfg = Release|Any CPU
		{E465D573-BD77-4076-97EE-4B48418F404E}.Release|Any CPU.Build.0 = Release|Any CPU
		{1333EFAB-F488-4390-B479-BA202C3E49FE}.Debug|Any CPU.ActiveCfg = Debug|Any CPU
		{1333EFAB-F488-4390-B479-BA202C3E49FE}.Debug|Any CPU.Build.0 = Debug|Any CPU
		{1333EFAB-F488-4390-B479-BA202C3E49FE}.Release|Any CPU.ActiveCfg = Release|Any CPU
		{1333EFAB-F488-4390-B479-BA202C3E49FE}.Release|Any CPU.Build.0 = Release|Any CPU
		{1395E4BD-52FD-4F13-99F7-014871062EDB}.Debug|Any CPU.ActiveCfg = Debug|Any CPU
		{1395E4BD-52FD-4F13-99F7-014871062EDB}.Debug|Any CPU.Build.0 = Debug|Any CPU
		{1395E4BD-52FD-4F13-99F7-014871062EDB}.Release|Any CPU.ActiveCfg = Release|Any CPU
		{1395E4BD-52FD-4F13-99F7-014871062EDB}.Release|Any CPU.Build.0 = Release|Any CPU
		{FEF9AE24-3585-41C7-9BEB-844FD9A9F766}.Debug|Any CPU.ActiveCfg = Debug|Any CPU
		{FEF9AE24-3585-41C7-9BEB-844FD9A9F766}.Debug|Any CPU.Build.0 = Debug|Any CPU
		{FEF9AE24-3585-41C7-9BEB-844FD9A9F766}.Release|Any CPU.ActiveCfg = Release|Any CPU
		{FEF9AE24-3585-41C7-9BEB-844FD9A9F766}.Release|Any CPU.Build.0 = Release|Any CPU
	EndGlobalSection
	GlobalSection(SolutionProperties) = preSolution
		HideSolutionNode = FALSE
	EndGlobalSection
	GlobalSection(NestedProjects) = preSolution
		{E9781AA0-EE2C-491A-8344-C4F5F8368902} = {207169F6-4948-44DC-A711-A61A23B10228}
		{28DB6748-E496-4BF4-9310-51534E0B0586} = {207169F6-4948-44DC-A711-A61A23B10228}
		{E465D573-BD77-4076-97EE-4B48418F404E} = {207169F6-4948-44DC-A711-A61A23B10228}
		{1333EFAB-F488-4390-B479-BA202C3E49FE} = {207169F6-4948-44DC-A711-A61A23B10228}
		{1395E4BD-52FD-4F13-99F7-014871062EDB} = {207169F6-4948-44DC-A711-A61A23B10228}
		{FEF9AE24-3585-41C7-9BEB-844FD9A9F766} = {207169F6-4948-44DC-A711-A61A23B10228}
	EndGlobalSection
	GlobalSection(ExtensibilityGlobals) = postSolution
		SolutionGuid = {1B0DF6B7-36D1-4E9F-9A27-E0E0D9113EA7}
	EndGlobalSection
EndGlobal
